
Microsoft Visual Studio Solution File, Format Version 12.00
# Visual Studio Version 16
VisualStudioVersion = 16.0.29911.84
MinimumVisualStudioVersion = 10.0.40219.1
Project("{FAE04EC0-301F-11D3-BF4B-00C04F79EFBC}") = "DiscountCouponQuest.DAL", "DiscountCouponQuest.DAL\DiscountCouponQuest.DAL.csproj", "{20990351-9780-425E-9443-8ED67BC546A6}"
EndProject
Project("{FAE04EC0-301F-11D3-BF4B-00C04F79EFBC}") = "DiscountCouponQuest.BLL", "DiscountCouponQuest.BLL\DiscountCouponQuest.BLL.csproj", "{961A45DD-438A-4E01-B83E-4703A0BBACFF}"
EndProject
Project("{FAE04EC0-301F-11D3-BF4B-00C04F79EFBC}") = "DiscountCouponQuest.Common", "DiscountCouponQuest.Common\DiscountCouponQuest.Common.csproj", "{14DDCB64-394A-4C0F-824B-CE5A7583577B}"
EndProject
Project("{FAE04EC0-301F-11D3-BF4B-00C04F79EFBC}") = "DiscountCouponQuest.WebApp", "DiscountCouponQuest.WebApp\DiscountCouponQuest.WebApp.csproj", "{4109EF0E-9576-44D3-8D1C-F8881624E20A}"
EndProject
Global
	GlobalSection(SolutionConfigurationPlatforms) = preSolution
		Debug|Any CPU = Debug|Any CPU
		Release|Any CPU = Release|Any CPU
	EndGlobalSection
	GlobalSection(ProjectConfigurationPlatforms) = postSolution
		{20990351-9780-425E-9443-8ED67BC546A6}.Debug|Any CPU.ActiveCfg = Debug|Any CPU
		{20990351-9780-425E-9443-8ED67BC546A6}.Debug|Any CPU.Build.0 = Debug|Any CPU
		{20990351-9780-425E-9443-8ED67BC546A6}.Release|Any CPU.ActiveCfg = Release|Any CPU
		{20990351-9780-425E-9443-8ED67BC546A6}.Release|Any CPU.Build.0 = Release|Any CPU
		{961A45DD-438A-4E01-B83E-4703A0BBACFF}.Debug|Any CPU.ActiveCfg = Debug|Any CPU
		{961A45DD-438A-4E01-B83E-4703A0BBACFF}.Debug|Any CPU.Build.0 = Debug|Any CPU
		{961A45DD-438A-4E01-B83E-4703A0BBACFF}.Release|Any CPU.ActiveCfg = Release|Any CPU
		{961A45DD-438A-4E01-B83E-4703A0BBACFF}.Release|Any CPU.Build.0 = Release|Any CPU
		{14DDCB64-394A-4C0F-824B-CE5A7583577B}.Debug|Any CPU.ActiveCfg = Debug|Any CPU
		{14DDCB64-394A-4C0F-824B-CE5A7583577B}.Debug|Any CPU.Build.0 = Debug|Any CPU
		{14DDCB64-394A-4C0F-824B-CE5A7583577B}.Release|Any CPU.ActiveCfg = Release|Any CPU
		{14DDCB64-394A-4C0F-824B-CE5A7583577B}.Release|Any CPU.Build.0 = Release|Any CPU
		{4109EF0E-9576-44D3-8D1C-F8881624E20A}.Debug|Any CPU.ActiveCfg = Debug|Any CPU
		{4109EF0E-9576-44D3-8D1C-F8881624E20A}.Debug|Any CPU.Build.0 = Debug|Any CPU
		{4109EF0E-9576-44D3-8D1C-F8881624E20A}.Release|Any CPU.ActiveCfg = Release|Any CPU
		{4109EF0E-9576-44D3-8D1C-F8881624E20A}.Release|Any CPU.Build.0 = Release|Any CPU
	EndGlobalSection
	GlobalSection(SolutionProperties) = preSolution
		HideSolutionNode = FALSE
	EndGlobalSection
	GlobalSection(ExtensibilityGlobals) = postSolution
		SolutionGuid = {343ED0CC-CFC9-42A5-B24A-130B71B8F853}
	EndGlobalSection
EndGlobal
