
Microsoft Visual Studio Solution File, Format Version 12.00
# Visual Studio Version 16
VisualStudioVersion = 16.0.29911.84
MinimumVisualStudioVersion = 10.0.40219.1
Project("{9A19103F-16F7-4668-BE54-9A1E7A4F7556}") = "DiscountCouponQuest.BLL", "src\DiscountCouponQuest.BLL\DiscountCouponQuest.BLL.csproj", "{EDFFFA60-0D2D-40DB-AFDF-B0127D1504F8}"
EndProject
Project("{9A19103F-16F7-4668-BE54-9A1E7A4F7556}") = "DiscountCouponQuest.Common", "src\DiscountCouponQuest.Common\DiscountCouponQuest.Common.csproj", "{37800CC4-C4FD-47A7-B4FE-7B61613DA33C}"
EndProject
Project("{9A19103F-16F7-4668-BE54-9A1E7A4F7556}") = "DiscountCouponQuest.DAL", "src\DiscountCouponQuest.DAL\DiscountCouponQuest.DAL.csproj", "{E052D3C9-21F1-4590-98E3-34F1F06EBA31}"
EndProject
Project("{9A19103F-16F7-4668-BE54-9A1E7A4F7556}") = "DiscountCouponQuest.WebApp", "src\DiscountCouponQuest.WebApp\DiscountCouponQuest.WebApp.csproj", "{808B00FC-C7BB-4C1A-A557-CCF139B0C25D}"
EndProject
Project("{FAE04EC0-301F-11D3-BF4B-00C04F79EFBC}") = "DiscountCouponQuest.Tests", "src\DiscountCouponQuest.Tests\DiscountCouponQuest.Tests.csproj", "{B13BD9A7-E938-4F3D-906E-E7F472857FAD}"
EndProject
Global
	GlobalSection(SolutionConfigurationPlatforms) = preSolution
		Debug|Any CPU = Debug|Any CPU
		Release|Any CPU = Release|Any CPU
	EndGlobalSection
	GlobalSection(ProjectConfigurationPlatforms) = postSolution
		{EDFFFA60-0D2D-40DB-AFDF-B0127D1504F8}.Debug|Any CPU.ActiveCfg = Debug|Any CPU
		{EDFFFA60-0D2D-40DB-AFDF-B0127D1504F8}.Debug|Any CPU.Build.0 = Debug|Any CPU
		{EDFFFA60-0D2D-40DB-AFDF-B0127D1504F8}.Release|Any CPU.ActiveCfg = Release|Any CPU
		{EDFFFA60-0D2D-40DB-AFDF-B0127D1504F8}.Release|Any CPU.Build.0 = Release|Any CPU
		{37800CC4-C4FD-47A7-B4FE-7B61613DA33C}.Debug|Any CPU.ActiveCfg = Debug|Any CPU
		{37800CC4-C4FD-47A7-B4FE-7B61613DA33C}.Debug|Any CPU.Build.0 = Debug|Any CPU
		{37800CC4-C4FD-47A7-B4FE-7B61613DA33C}.Release|Any CPU.ActiveCfg = Release|Any CPU
		{37800CC4-C4FD-47A7-B4FE-7B61613DA33C}.Release|Any CPU.Build.0 = Release|Any CPU
		{E052D3C9-21F1-4590-98E3-34F1F06EBA31}.Debug|Any CPU.ActiveCfg = Debug|Any CPU
		{E052D3C9-21F1-4590-98E3-34F1F06EBA31}.Debug|Any CPU.Build.0 = Debug|Any CPU
		{E052D3C9-21F1-4590-98E3-34F1F06EBA31}.Release|Any CPU.ActiveCfg = Release|Any CPU
		{E052D3C9-21F1-4590-98E3-34F1F06EBA31}.Release|Any CPU.Build.0 = Release|Any CPU
		{808B00FC-C7BB-4C1A-A557-CCF139B0C25D}.Debug|Any CPU.ActiveCfg = Debug|Any CPU
		{808B00FC-C7BB-4C1A-A557-CCF139B0C25D}.Debug|Any CPU.Build.0 = Debug|Any CPU
		{808B00FC-C7BB-4C1A-A557-CCF139B0C25D}.Release|Any CPU.ActiveCfg = Release|Any CPU
		{808B00FC-C7BB-4C1A-A557-CCF139B0C25D}.Release|Any CPU.Build.0 = Release|Any CPU
		{B13BD9A7-E938-4F3D-906E-E7F472857FAD}.Debug|Any CPU.ActiveCfg = Debug|Any CPU
		{B13BD9A7-E938-4F3D-906E-E7F472857FAD}.Debug|Any CPU.Build.0 = Debug|Any CPU
		{B13BD9A7-E938-4F3D-906E-E7F472857FAD}.Release|Any CPU.ActiveCfg = Release|Any CPU
		{B13BD9A7-E938-4F3D-906E-E7F472857FAD}.Release|Any CPU.Build.0 = Release|Any CPU
	EndGlobalSection
	GlobalSection(SolutionProperties) = preSolution
		HideSolutionNode = FALSE
	EndGlobalSection
	GlobalSection(ExtensibilityGlobals) = postSolution
		SolutionGuid = {343ED0CC-CFC9-42A5-B24A-130B71B8F853}
	EndGlobalSection
EndGlobal
